{
    "version": 3,
    "terraform_version": "0.11.3",
    "serial": 3,
    "lineage": "19f50c66-4434-47a0-8d95-6edab703af42",
    "modules": [
        {
            "path": [
                "root"
            ],
            "outputs": {},
            "resources": {
                "aws_instance.example": {
                    "type": "aws_instance",
                    "depends_on": [
                        "aws_key_pair.mykey"
                    ],
                    "primary": {
                        "id": "i-077ad26cb26e13b7f",
                        "attributes": {
                            "ami": "ami-844e0bf7",
                            "associate_public_ip_address": "true",
                            "availability_zone": "eu-west-1a",
                            "disable_api_termination": "false",
                            "ebs_block_device.#": "0",
                            "ebs_optimized": "false",
                            "ephemeral_block_device.#": "0",
                            "iam_instance_profile": "",
                            "id": "i-077ad26cb26e13b7f",
                            "instance_state": "running",
                            "instance_type": "t2.micro",
                            "ipv6_addresses.#": "0",
                            "key_name": "mykey",
                            "monitoring": "false",
                            "network_interface.#": "0",
                            "network_interface_id": "eni-74a1f347",
                            "placement_group": "",
                            "primary_network_interface_id": "eni-74a1f347",
                            "private_dns": "ip-172-31-28-214.eu-west-1.compute.internal",
                            "private_ip": "172.31.28.214",
                            "public_dns": "ec2-54-171-209-237.eu-west-1.compute.amazonaws.com",
                            "public_ip": "54.171.209.237",
                            "root_block_device.#": "1",
                            "root_block_device.0.delete_on_termination": "true",
                            "root_block_device.0.iops": "100",
                            "root_block_device.0.volume_id": "vol-0324a26882f134241",
                            "root_block_device.0.volume_size": "8",
                            "root_block_device.0.volume_type": "gp2",
                            "security_groups.#": "1",
                            "security_groups.3814588639": "default",
                            "source_dest_check": "true",
                            "subnet_id": "subnet-72778e3a",
                            "tags.%": "0",
                            "tenancy": "default",
                            "volume_tags.%": "0",
                            "vpc_security_group_ids.#": "1",
                            "vpc_security_group_ids.103342162": "sg-ee13c094"
                        },
                        "meta": {
                            "e2bfb730-ecaa-11e6-8f88-34363bc7c4c0": {
                                "create": 600000000000,
                                "delete": 1200000000000,
                                "update": 600000000000
                            },
                            "schema_version": "1"
                        },
                        "tainted": true
                    },
                    "deposed": [],
                    "provider": "provider.aws"
                },
                "aws_key_pair.mykey": {
                    "type": "aws_key_pair",
                    "depends_on": [],
                    "primary": {
                        "id": "mykey",
                        "attributes": {
                            "fingerprint": "2c:b7:b4:19:a2:b6:1e:0f:42:91:5a:25:e3:89:3d:90",
                            "id": "mykey",
                            "key_name": "mykey",
                            "public_key": "ssh-rsa AAAAB3NzaC1yc2EAAAADAQABAAABAQCqEc/3I+2/yJEqprB69aoh9MvH1CkvKT35GTHctGqT/HXD04Prbe+rxYV9iqVrjI0jgWeiE6cNLjwJtClu+x6MhnD/NEat40JVFAzLcHNCeT7xlcKQ9o2yutyzrmfCif9e083MUfWy1N9S2sM+g2AklrD2PNWpmYrbbOuxnt1iaLxcFBlTiSOqKbAHDqRB6Rh8Wy2f3uWHo+PP0i8mlu7uiBClmi4QfqNR+ZaG0MyLd1vjm2e8XdOxNdzfNqFpbGNoD1R/Oo065UZ9vjtMiFdqFm5bBDMPEemyUT534YZy8O7N/uMNI0el0ndrshcs4IEnWBhLyDiTqdNSzj+Lw8YP anandgautam@Anands-MacBook-Air.local"
                        },
                        "meta": {
                            "schema_version": "1"
                        },
                        "tainted": false
                    },
                    "deposed": [],
                    "provider": "provider.aws"
                }
            },
            "depends_on": []
        }
    ]
}
