{
    "version": 3,
    "terraform_version": "0.11.3",
    "serial": 2,
    "lineage": "e271ad76-e28e-4911-bf92-86db247b7347",
    "modules": [
        {
            "path": [
                "root"
            ],
            "outputs": {},
            "resources": {
                "aws_eip.nat": {
                    "type": "aws_eip",
                    "depends_on": [],
                    "primary": {
                        "id": "eipalloc-621cd36b",
                        "attributes": {
                            "association_id": "",
                            "domain": "vpc",
                            "id": "eipalloc-621cd36b",
                            "instance": "",
                            "network_interface": "",
                            "private_ip": "",
                            "public_ip": "35.173.120.234",
                            "tags.%": "0",
                            "vpc": "true"
                        },
                        "meta": {},
                        "tainted": false
                    },
                    "deposed": [],
                    "provider": "provider.aws"
                },
                "aws_internet_gateway.main-gw": {
                    "type": "aws_internet_gateway",
                    "depends_on": [
                        "aws_vpc.main"
                    ],
                    "primary": {
                        "id": "igw-4e8e5a36",
                        "attributes": {
                            "id": "igw-4e8e5a36",
                            "tags.%": "1",
                            "tags.Name": "main",
                            "vpc_id": "vpc-58883f23"
                        },
                        "meta": {},
                        "tainted": false
                    },
                    "deposed": [],
                    "provider": "provider.aws"
                },
                "aws_route_table.main-public": {
                    "type": "aws_route_table",
                    "depends_on": [
                        "aws_internet_gateway.main-gw",
                        "aws_vpc.main"
                    ],
                    "primary": {
                        "id": "rtb-43d2763f",
                        "attributes": {
                            "id": "rtb-43d2763f",
                            "propagating_vgws.#": "0",
                            "route.#": "1",
                            "route.220390597.cidr_block": "0.0.0.0/0",
                            "route.220390597.egress_only_gateway_id": "",
                            "route.220390597.gateway_id": "igw-4e8e5a36",
                            "route.220390597.instance_id": "",
                            "route.220390597.ipv6_cidr_block": "",
                            "route.220390597.nat_gateway_id": "",
                            "route.220390597.network_interface_id": "",
                            "route.220390597.vpc_peering_connection_id": "",
                            "tags.%": "1",
                            "tags.Name": "main-public-1",
                            "vpc_id": "vpc-58883f23"
                        },
                        "meta": {},
                        "tainted": false
                    },
                    "deposed": [],
                    "provider": "provider.aws"
                },
                "aws_vpc.main": {
                    "type": "aws_vpc",
                    "depends_on": [],
                    "primary": {
                        "id": "vpc-58883f23",
                        "attributes": {
                            "assign_generated_ipv6_cidr_block": "false",
                            "cidr_block": "10.0.0.0/16",
                            "default_network_acl_id": "acl-2574775e",
                            "default_route_table_id": "rtb-abd175d7",
                            "default_security_group_id": "sg-8cfe4cfa",
                            "dhcp_options_id": "dopt-c8d4fdae",
                            "enable_classiclink": "false",
                            "enable_classiclink_dns_support": "false",
                            "enable_dns_hostnames": "true",
                            "enable_dns_support": "true",
                            "id": "vpc-58883f23",
                            "instance_tenancy": "default",
                            "main_route_table_id": "rtb-abd175d7",
                            "tags.%": "1",
                            "tags.Name": "main"
                        },
                        "meta": {
                            "schema_version": "1"
                        },
                        "tainted": false
                    },
                    "deposed": [],
                    "provider": "provider.aws"
                }
            },
            "depends_on": []
        }
    ]
}
