{
    "version": 3,
    "terraform_version": "0.11.3",
    "serial": 4,
    "lineage": "da17a07a-7129-46dd-b626-490ce57302a2",
    "modules": [
        {
            "path": [
                "root"
            ],
            "outputs": {
                "elb": {
                    "sensitive": false,
                    "type": "string",
                    "value": "myapp-elb-1870430359.us-east-1.elb.amazonaws.com"
                }
            },
            "resources": {
                "aws_autoscaling_group.ecs-example-autoscaling": {
                    "type": "aws_autoscaling_group",
                    "depends_on": [
                        "aws_launch_configuration.ecs-example-launchconfig",
                        "aws_subnet.main-public-1",
                        "aws_subnet.main-public-2"
                    ],
                    "primary": {
                        "id": "ecs-example-autoscaling",
                        "attributes": {
                            "arn": "arn:aws:autoscaling:us-east-1:525047592554:autoScalingGroup:0544105d-825e-4736-b4ae-b95df276ea3b:autoScalingGroupName/ecs-example-autoscaling",
                            "availability_zones.#": "2",
                            "availability_zones.1305112097": "us-east-1b",
                            "availability_zones.3569565595": "us-east-1a",
                            "default_cooldown": "300",
                            "desired_capacity": "1",
                            "enabled_metrics.#": "0",
                            "force_delete": "false",
                            "health_check_grace_period": "300",
                            "health_check_type": "EC2",
                            "id": "ecs-example-autoscaling",
                            "launch_configuration": "ecs-launchconfig20180425165711407700000001",
                            "load_balancers.#": "0",
                            "max_size": "1",
                            "metrics_granularity": "1Minute",
                            "min_size": "1",
                            "name": "ecs-example-autoscaling",
                            "placement_group": "",
                            "protect_from_scale_in": "false",
                            "service_linked_role_arn": "arn:aws:iam::525047592554:role/aws-service-role/autoscaling.amazonaws.com/AWSServiceRoleForAutoScaling",
                            "suspended_processes.#": "0",
                            "tag.#": "1",
                            "tag.2348833364.key": "Name",
                            "tag.2348833364.propagate_at_launch": "true",
                            "tag.2348833364.value": "ecs-ec2-container",
                            "target_group_arns.#": "0",
                            "termination_policies.#": "0",
                            "vpc_zone_identifier.#": "2",
                            "vpc_zone_identifier.2570881664": "subnet-52903a18",
                            "vpc_zone_identifier.900330145": "subnet-2708e809",
                            "wait_for_capacity_timeout": "10m"
                        },
                        "meta": {
                            "e2bfb730-ecaa-11e6-8f88-34363bc7c4c0": {
                                "delete": 600000000000
                            }
                        },
                        "tainted": false
                    },
                    "deposed": [],
                    "provider": "provider.aws"
                },
                "aws_ecr_repository.myapp": {
                    "type": "aws_ecr_repository",
                    "depends_on": [],
                    "primary": {
                        "id": "myapp",
                        "attributes": {
                            "arn": "arn:aws:ecr:us-east-1:525047592554:repository/myapp",
                            "id": "myapp",
                            "name": "myapp",
                            "registry_id": "525047592554",
                            "repository_url": "525047592554.dkr.ecr.us-east-1.amazonaws.com/myapp"
                        },
                        "meta": {},
                        "tainted": false
                    },
                    "deposed": [],
                    "provider": "provider.aws"
                },
                "aws_ecs_cluster.example-cluster": {
                    "type": "aws_ecs_cluster",
                    "depends_on": [],
                    "primary": {
                        "id": "arn:aws:ecs:us-east-1:525047592554:cluster/example-cluster",
                        "attributes": {
                            "arn": "arn:aws:ecs:us-east-1:525047592554:cluster/example-cluster",
                            "id": "arn:aws:ecs:us-east-1:525047592554:cluster/example-cluster",
                            "name": "example-cluster"
                        },
                        "meta": {},
                        "tainted": false
                    },
                    "deposed": [],
                    "provider": "provider.aws"
                },
                "aws_ecs_service.myapp-service": {
                    "type": "aws_ecs_service",
                    "depends_on": [
                        "aws_ecs_cluster.example-cluster",
                        "aws_ecs_task_definition.myapp-task-definition",
                        "aws_elb.myapp-elb",
                        "aws_iam_policy_attachment.ecs-service-attach1",
                        "aws_iam_role.ecs-service-role"
                    ],
                    "primary": {
                        "id": "arn:aws:ecs:us-east-1:525047592554:service/myapp",
                        "attributes": {
                            "cluster": "arn:aws:ecs:us-east-1:525047592554:cluster/example-cluster",
                            "deployment_maximum_percent": "200",
                            "deployment_minimum_healthy_percent": "100",
                            "desired_count": "1",
                            "health_check_grace_period_seconds": "0",
                            "iam_role": "arn:aws:iam::525047592554:role/ecs-service-role",
                            "id": "arn:aws:ecs:us-east-1:525047592554:service/myapp",
                            "launch_type": "EC2",
                            "load_balancer.#": "1",
                            "load_balancer.78888465.container_name": "myapp",
                            "load_balancer.78888465.container_port": "3000",
                            "load_balancer.78888465.elb_name": "myapp-elb",
                            "load_balancer.78888465.target_group_arn": "",
                            "name": "myapp",
                            "network_configuration.#": "0",
                            "placement_constraints.#": "0",
                            "placement_strategy.#": "0",
                            "service_registries.#": "0",
                            "task_definition": "arn:aws:ecs:us-east-1:525047592554:task-definition/myapp:1"
                        },
                        "meta": {},
                        "tainted": false
                    },
                    "deposed": [],
                    "provider": "provider.aws"
                },
                "aws_ecs_task_definition.myapp-task-definition": {
                    "type": "aws_ecs_task_definition",
                    "depends_on": [
                        "data.template_file.myapp-task-definition-template"
                    ],
                    "primary": {
                        "id": "myapp",
                        "attributes": {
                            "arn": "arn:aws:ecs:us-east-1:525047592554:task-definition/myapp:1",
                            "container_definitions": "[{\"command\":[\"npm\",\"start\"],\"cpu\":256,\"environment\":[],\"essential\":true,\"image\":\"525047592554.dkr.ecr.us-east-1.amazonaws.com/myapp:1\",\"memory\":256,\"mountPoints\":[],\"name\":\"myapp\",\"portMappings\":[{\"containerPort\":3000,\"hostPort\":3000,\"protocol\":\"tcp\"}],\"volumesFrom\":[],\"workingDirectory\":\"/app\"}]",
                            "cpu": "",
                            "execution_role_arn": "",
                            "family": "myapp",
                            "id": "myapp",
                            "memory": "",
                            "network_mode": "",
                            "placement_constraints.#": "0",
                            "requires_compatibilities.#": "0",
                            "revision": "1",
                            "task_role_arn": "",
                            "volume.#": "0"
                        },
                        "meta": {
                            "schema_version": "1"
                        },
                        "tainted": false
                    },
                    "deposed": [],
                    "provider": "provider.aws"
                },
                "aws_elb.myapp-elb": {
                    "type": "aws_elb",
                    "depends_on": [
                        "aws_security_group.myapp-elb-securitygroup",
                        "aws_subnet.main-public-1",
                        "aws_subnet.main-public-2"
                    ],
                    "primary": {
                        "id": "myapp-elb",
                        "attributes": {
                            "access_logs.#": "0",
                            "arn": "arn:aws:elasticloadbalancing:us-east-1:525047592554:loadbalancer/myapp-elb",
                            "availability_zones.#": "2",
                            "availability_zones.1305112097": "us-east-1b",
                            "availability_zones.3569565595": "us-east-1a",
                            "connection_draining": "true",
                            "connection_draining_timeout": "400",
                            "cross_zone_load_balancing": "true",
                            "dns_name": "myapp-elb-1870430359.us-east-1.elb.amazonaws.com",
                            "health_check.#": "1",
                            "health_check.0.healthy_threshold": "3",
                            "health_check.0.interval": "60",
                            "health_check.0.target": "HTTP:3000/",
                            "health_check.0.timeout": "30",
                            "health_check.0.unhealthy_threshold": "3",
                            "id": "myapp-elb",
                            "idle_timeout": "400",
                            "instances.#": "0",
                            "internal": "false",
                            "listener.#": "1",
                            "listener.2797230273.instance_port": "3000",
                            "listener.2797230273.instance_protocol": "http",
                            "listener.2797230273.lb_port": "80",
                            "listener.2797230273.lb_protocol": "http",
                            "listener.2797230273.ssl_certificate_id": "",
                            "name": "myapp-elb",
                            "security_groups.#": "1",
                            "security_groups.311277873": "sg-e2a2f6ab",
                            "source_security_group": "525047592554/myapp-elb",
                            "source_security_group_id": "sg-e2a2f6ab",
                            "subnets.#": "2",
                            "subnets.2570881664": "subnet-52903a18",
                            "subnets.900330145": "subnet-2708e809",
                            "tags.%": "1",
                            "tags.Name": "myapp-elb",
                            "zone_id": "Z35SXDOTRQ7X7K"
                        },
                        "meta": {},
                        "tainted": false
                    },
                    "deposed": [],
                    "provider": "provider.aws"
                },
                "aws_iam_instance_profile.ecs-ec2-role": {
                    "type": "aws_iam_instance_profile",
                    "depends_on": [
                        "aws_iam_role.ecs-ec2-role"
                    ],
                    "primary": {
                        "id": "ecs-ec2-role",
                        "attributes": {
                            "arn": "arn:aws:iam::525047592554:instance-profile/ecs-ec2-role",
                            "id": "ecs-ec2-role",
                            "name": "ecs-ec2-role",
                            "path": "/",
                            "roles.#": "1",
                            "roles.1212782307": "ecs-ec2-role",
                            "unique_id": "AIPAI2QKM6YV4YGTDC5RK"
                        },
                        "meta": {},
                        "tainted": false
                    },
                    "deposed": [],
                    "provider": "provider.aws"
                },
                "aws_iam_policy_attachment.ecs-service-attach1": {
                    "type": "aws_iam_policy_attachment",
                    "depends_on": [
                        "aws_iam_role.ecs-service-role"
                    ],
                    "primary": {
                        "id": "ecs-service-attach1",
                        "attributes": {
                            "groups.#": "0",
                            "id": "ecs-service-attach1",
                            "name": "ecs-service-attach1",
                            "policy_arn": "arn:aws:iam::aws:policy/service-role/AmazonEC2ContainerServiceRole",
                            "roles.#": "2",
                            "roles.4283548173": "ecs-service-role",
                            "roles.712565792": "ECSServiceRole",
                            "users.#": "0"
                        },
                        "meta": {},
                        "tainted": false
                    },
                    "deposed": [],
                    "provider": "provider.aws"
                },
                "aws_iam_role.ecs-consul-server-role": {
                    "type": "aws_iam_role",
                    "depends_on": [],
                    "primary": {
                        "id": "ecs-consul-server-role",
                        "attributes": {
                            "arn": "arn:aws:iam::525047592554:role/ecs-consul-server-role",
                            "assume_role_policy": "{\"Version\":\"2012-10-17\",\"Statement\":[{\"Sid\":\"\",\"Effect\":\"Allow\",\"Principal\":{\"Service\":\"ec2.amazonaws.com\"},\"Action\":\"sts:AssumeRole\"}]}",
                            "create_date": "2018-04-25T16:56:48Z",
                            "force_detach_policies": "false",
                            "id": "ecs-consul-server-role",
                            "max_session_duration": "3600",
                            "name": "ecs-consul-server-role",
                            "path": "/",
                            "unique_id": "AROAIZPDK42ARLJ7QC2GA"
                        },
                        "meta": {},
                        "tainted": false
                    },
                    "deposed": [],
                    "provider": "provider.aws"
                },
                "aws_iam_role.ecs-ec2-role": {
                    "type": "aws_iam_role",
                    "depends_on": [],
                    "primary": {
                        "id": "ecs-ec2-role",
                        "attributes": {
                            "arn": "arn:aws:iam::525047592554:role/ecs-ec2-role",
                            "assume_role_policy": "{\"Version\":\"2012-10-17\",\"Statement\":[{\"Sid\":\"\",\"Effect\":\"Allow\",\"Principal\":{\"Service\":\"ec2.amazonaws.com\"},\"Action\":\"sts:AssumeRole\"}]}",
                            "create_date": "2018-04-25T16:56:48Z",
                            "force_detach_policies": "false",
                            "id": "ecs-ec2-role",
                            "max_session_duration": "3600",
                            "name": "ecs-ec2-role",
                            "path": "/",
                            "unique_id": "AROAJU5A3Q2K2ZKCULTMI"
                        },
                        "meta": {},
                        "tainted": false
                    },
                    "deposed": [],
                    "provider": "provider.aws"
                },
                "aws_iam_role.ecs-service-role": {
                    "type": "aws_iam_role",
                    "depends_on": [],
                    "primary": {
                        "id": "ecs-service-role",
                        "attributes": {
                            "arn": "arn:aws:iam::525047592554:role/ecs-service-role",
                            "assume_role_policy": "{\"Version\":\"2012-10-17\",\"Statement\":[{\"Sid\":\"\",\"Effect\":\"Allow\",\"Principal\":{\"Service\":\"ecs.amazonaws.com\"},\"Action\":\"sts:AssumeRole\"}]}",
                            "create_date": "2018-04-25T16:56:48Z",
                            "force_detach_policies": "false",
                            "id": "ecs-service-role",
                            "max_session_duration": "3600",
                            "name": "ecs-service-role",
                            "path": "/",
                            "unique_id": "AROAJMOMZHVNCW5AXF2I4"
                        },
                        "meta": {},
                        "tainted": false
                    },
                    "deposed": [],
                    "provider": "provider.aws"
                },
                "aws_iam_role_policy.ecs-ec2-role-policy": {
                    "type": "aws_iam_role_policy",
                    "depends_on": [
                        "aws_iam_role.ecs-ec2-role"
                    ],
                    "primary": {
                        "id": "ecs-ec2-role:ecs-ec2-role-policy",
                        "attributes": {
                            "id": "ecs-ec2-role:ecs-ec2-role-policy",
                            "name": "ecs-ec2-role-policy",
                            "policy": "{\n    \"Version\": \"2012-10-17\",\n    \"Statement\": [\n        {\n            \"Effect\": \"Allow\",\n            \"Action\": [\n              \"ecs:CreateCluster\",\n              \"ecs:DeregisterContainerInstance\",\n              \"ecs:DiscoverPollEndpoint\",\n              \"ecs:Poll\",\n              \"ecs:RegisterContainerInstance\",\n              \"ecs:StartTelemetrySession\",\n              \"ecs:Submit*\",\n              \"ecs:StartTask\",\n              \"ecr:GetAuthorizationToken\",\n              \"ecr:BatchCheckLayerAvailability\",\n              \"ecr:GetDownloadUrlForLayer\",\n              \"ecr:BatchGetImage\",\n              \"logs:CreateLogStream\",\n              \"logs:PutLogEvents\"\n            ],\n            \"Resource\": \"*\"\n        },\n        {\n            \"Effect\": \"Allow\",\n            \"Action\": [\n                \"logs:CreateLogGroup\",\n                \"logs:CreateLogStream\",\n                \"logs:PutLogEvents\",\n                \"logs:DescribeLogStreams\"\n            ],\n            \"Resource\": [\n                \"arn:aws:logs:*:*:*\"\n            ]\n        }\n    ]\n}\n",
                            "role": "ecs-ec2-role"
                        },
                        "meta": {},
                        "tainted": false
                    },
                    "deposed": [],
                    "provider": "provider.aws"
                },
                "aws_internet_gateway.main-gw": {
                    "type": "aws_internet_gateway",
                    "depends_on": [
                        "aws_vpc.main"
                    ],
                    "primary": {
                        "id": "igw-5652cd2e",
                        "attributes": {
                            "id": "igw-5652cd2e",
                            "tags.%": "1",
                            "tags.Name": "main",
                            "vpc_id": "vpc-e92c6292"
                        },
                        "meta": {},
                        "tainted": false
                    },
                    "deposed": [],
                    "provider": "provider.aws"
                },
                "aws_key_pair.mykeypair": {
                    "type": "aws_key_pair",
                    "depends_on": [],
                    "primary": {
                        "id": "mykeypair",
                        "attributes": {
                            "id": "mykeypair",
                            "key_name": "mykeypair",
                            "public_key": "ssh-rsa AAAAB3NzaC1yc2EAAAADAQABAAABAQCnD7MbhiTWNZu7ux1uO6ixaA0vZLJvrpURenmxTThUJ7MjmNtER9apj3yOFB5QlnURDY4L4XQblGVQuDdpD1vB3+nZSX8W4TgL3DTyCeELMHe0oZyLc4hksyGEZ8cOVJtmRPNLSpsiSR0eJwwtMeiALCBA+pNr4/lJMjWa2VmZTVEOBC3BgbzfzKpVchw1aLThr1xpcAd31D2mYYvxfP3BNWmLFeXQzbkYIXg8nID3hL5foilQmkX9XX43XHViIHdEzLJATrRbYGKq7QBbAyVbrI4jqkeLpocJJRPICZdaTEgeB6qfFdHjmvUqIjXm3pYMu77hWRM9QpfOXZSvVWAT anandgautam@Anands-MacBook-Air.local"
                        },
                        "meta": {
                            "schema_version": "1"
                        },
                        "tainted": false
                    },
                    "deposed": [],
                    "provider": "provider.aws"
                },
                "aws_launch_configuration.ecs-example-launchconfig": {
                    "type": "aws_launch_configuration",
                    "depends_on": [
                        "aws_iam_instance_profile.ecs-ec2-role",
                        "aws_key_pair.mykeypair",
                        "aws_security_group.ecs-securitygroup"
                    ],
                    "primary": {
                        "id": "ecs-launchconfig20180425165711407700000001",
                        "attributes": {
                            "associate_public_ip_address": "false",
                            "ebs_block_device.#": "0",
                            "ebs_optimized": "false",
                            "enable_monitoring": "true",
                            "ephemeral_block_device.#": "0",
                            "iam_instance_profile": "ecs-ec2-role",
                            "id": "ecs-launchconfig20180425165711407700000001",
                            "image_id": "ami-1924770e",
                            "instance_type": "t2.micro",
                            "key_name": "mykeypair",
                            "name": "ecs-launchconfig20180425165711407700000001",
                            "name_prefix": "ecs-launchconfig",
                            "root_block_device.#": "0",
                            "security_groups.#": "1",
                            "security_groups.215084559": "sg-afa1f5e6",
                            "spot_price": "",
                            "user_data": "2283a54db9f636900b49c3e2a6cd048bca08dd5b",
                            "vpc_classic_link_id": "",
                            "vpc_classic_link_security_groups.#": "0"
                        },
                        "meta": {},
                        "tainted": false
                    },
                    "deposed": [],
                    "provider": "provider.aws"
                },
                "aws_route_table.main-public": {
                    "type": "aws_route_table",
                    "depends_on": [
                        "aws_internet_gateway.main-gw",
                        "aws_vpc.main"
                    ],
                    "primary": {
                        "id": "rtb-ee316b92",
                        "attributes": {
                            "id": "rtb-ee316b92",
                            "propagating_vgws.#": "0",
                            "route.#": "1",
                            "route.3410876337.cidr_block": "0.0.0.0/0",
                            "route.3410876337.egress_only_gateway_id": "",
                            "route.3410876337.gateway_id": "igw-5652cd2e",
                            "route.3410876337.instance_id": "",
                            "route.3410876337.ipv6_cidr_block": "",
                            "route.3410876337.nat_gateway_id": "",
                            "route.3410876337.network_interface_id": "",
                            "route.3410876337.vpc_peering_connection_id": "",
                            "tags.%": "1",
                            "tags.Name": "main-public-1",
                            "vpc_id": "vpc-e92c6292"
                        },
                        "meta": {},
                        "tainted": false
                    },
                    "deposed": [],
                    "provider": "provider.aws"
                },
                "aws_route_table_association.main-public-1-a": {
                    "type": "aws_route_table_association",
                    "depends_on": [
                        "aws_route_table.main-public",
                        "aws_subnet.main-public-1"
                    ],
                    "primary": {
                        "id": "rtbassoc-c0ad26bf",
                        "attributes": {
                            "id": "rtbassoc-c0ad26bf",
                            "route_table_id": "rtb-ee316b92",
                            "subnet_id": "subnet-2708e809"
                        },
                        "meta": {},
                        "tainted": false
                    },
                    "deposed": [],
                    "provider": "provider.aws"
                },
                "aws_route_table_association.main-public-2-a": {
                    "type": "aws_route_table_association",
                    "depends_on": [
                        "aws_route_table.main-public",
                        "aws_subnet.main-public-2"
                    ],
                    "primary": {
                        "id": "rtbassoc-41a8233e",
                        "attributes": {
                            "id": "rtbassoc-41a8233e",
                            "route_table_id": "rtb-ee316b92",
                            "subnet_id": "subnet-52903a18"
                        },
                        "meta": {},
                        "tainted": false
                    },
                    "deposed": [],
                    "provider": "provider.aws"
                },
                "aws_route_table_association.main-public-3-a": {
                    "type": "aws_route_table_association",
                    "depends_on": [
                        "aws_route_table.main-public",
                        "aws_subnet.main-public-3"
                    ],
                    "primary": {
                        "id": "rtbassoc-02be357d",
                        "attributes": {
                            "id": "rtbassoc-02be357d",
                            "route_table_id": "rtb-ee316b92",
                            "subnet_id": "subnet-90dc3acc"
                        },
                        "meta": {},
                        "tainted": false
                    },
                    "deposed": [],
                    "provider": "provider.aws"
                },
                "aws_security_group.ecs-securitygroup": {
                    "type": "aws_security_group",
                    "depends_on": [
                        "aws_security_group.myapp-elb-securitygroup",
                        "aws_vpc.main"
                    ],
                    "primary": {
                        "id": "sg-afa1f5e6",
                        "attributes": {
                            "arn": "arn:aws:ec2:us-east-1:525047592554:security-group/sg-afa1f5e6",
                            "description": "security group for ecs",
                            "egress.#": "1",
                            "egress.482069346.cidr_blocks.#": "1",
                            "egress.482069346.cidr_blocks.0": "0.0.0.0/0",
                            "egress.482069346.description": "",
                            "egress.482069346.from_port": "0",
                            "egress.482069346.ipv6_cidr_blocks.#": "0",
                            "egress.482069346.prefix_list_ids.#": "0",
                            "egress.482069346.protocol": "-1",
                            "egress.482069346.security_groups.#": "0",
                            "egress.482069346.self": "false",
                            "egress.482069346.to_port": "0",
                            "id": "sg-afa1f5e6",
                            "ingress.#": "2",
                            "ingress.2541437006.cidr_blocks.#": "1",
                            "ingress.2541437006.cidr_blocks.0": "0.0.0.0/0",
                            "ingress.2541437006.description": "",
                            "ingress.2541437006.from_port": "22",
                            "ingress.2541437006.ipv6_cidr_blocks.#": "0",
                            "ingress.2541437006.protocol": "tcp",
                            "ingress.2541437006.security_groups.#": "0",
                            "ingress.2541437006.self": "false",
                            "ingress.2541437006.to_port": "22",
                            "ingress.3281532045.cidr_blocks.#": "0",
                            "ingress.3281532045.description": "",
                            "ingress.3281532045.from_port": "3000",
                            "ingress.3281532045.ipv6_cidr_blocks.#": "0",
                            "ingress.3281532045.protocol": "tcp",
                            "ingress.3281532045.security_groups.#": "1",
                            "ingress.3281532045.security_groups.311277873": "sg-e2a2f6ab",
                            "ingress.3281532045.self": "false",
                            "ingress.3281532045.to_port": "3000",
                            "name": "ecs",
                            "owner_id": "525047592554",
                            "revoke_rules_on_delete": "false",
                            "tags.%": "1",
                            "tags.Name": "ecs",
                            "vpc_id": "vpc-e92c6292"
                        },
                        "meta": {
                            "e2bfb730-ecaa-11e6-8f88-34363bc7c4c0": {
                                "create": 600000000000,
                                "delete": 600000000000
                            },
                            "schema_version": "1"
                        },
                        "tainted": false
                    },
                    "deposed": [],
                    "provider": "provider.aws"
                },
                "aws_security_group.myapp-elb-securitygroup": {
                    "type": "aws_security_group",
                    "depends_on": [
                        "aws_vpc.main"
                    ],
                    "primary": {
                        "id": "sg-e2a2f6ab",
                        "attributes": {
                            "arn": "arn:aws:ec2:us-east-1:525047592554:security-group/sg-e2a2f6ab",
                            "description": "security group for ecs",
                            "egress.#": "1",
                            "egress.482069346.cidr_blocks.#": "1",
                            "egress.482069346.cidr_blocks.0": "0.0.0.0/0",
                            "egress.482069346.description": "",
                            "egress.482069346.from_port": "0",
                            "egress.482069346.ipv6_cidr_blocks.#": "0",
                            "egress.482069346.prefix_list_ids.#": "0",
                            "egress.482069346.protocol": "-1",
                            "egress.482069346.security_groups.#": "0",
                            "egress.482069346.self": "false",
                            "egress.482069346.to_port": "0",
                            "id": "sg-e2a2f6ab",
                            "ingress.#": "1",
                            "ingress.2214680975.cidr_blocks.#": "1",
                            "ingress.2214680975.cidr_blocks.0": "0.0.0.0/0",
                            "ingress.2214680975.description": "",
                            "ingress.2214680975.from_port": "80",
                            "ingress.2214680975.ipv6_cidr_blocks.#": "0",
                            "ingress.2214680975.protocol": "tcp",
                            "ingress.2214680975.security_groups.#": "0",
                            "ingress.2214680975.self": "false",
                            "ingress.2214680975.to_port": "80",
                            "name": "myapp-elb",
                            "owner_id": "525047592554",
                            "revoke_rules_on_delete": "false",
                            "tags.%": "1",
                            "tags.Name": "myapp-elb",
                            "vpc_id": "vpc-e92c6292"
                        },
                        "meta": {
                            "e2bfb730-ecaa-11e6-8f88-34363bc7c4c0": {
                                "create": 600000000000,
                                "delete": 600000000000
                            },
                            "schema_version": "1"
                        },
                        "tainted": false
                    },
                    "deposed": [],
                    "provider": "provider.aws"
                },
                "aws_subnet.main-private-1": {
                    "type": "aws_subnet",
                    "depends_on": [
                        "aws_vpc.main"
                    ],
                    "primary": {
                        "id": "subnet-0e3ada20",
                        "attributes": {
                            "assign_ipv6_address_on_creation": "false",
                            "availability_zone": "us-east-1a",
                            "cidr_block": "10.0.4.0/24",
                            "id": "subnet-0e3ada20",
                            "map_public_ip_on_launch": "false",
                            "tags.%": "1",
                            "tags.Name": "main-private-1",
                            "vpc_id": "vpc-e92c6292"
                        },
                        "meta": {
                            "schema_version": "1"
                        },
                        "tainted": false
                    },
                    "deposed": [],
                    "provider": "provider.aws"
                },
                "aws_subnet.main-private-2": {
                    "type": "aws_subnet",
                    "depends_on": [
                        "aws_vpc.main"
                    ],
                    "primary": {
                        "id": "subnet-b99c36f3",
                        "attributes": {
                            "assign_ipv6_address_on_creation": "false",
                            "availability_zone": "us-east-1b",
                            "cidr_block": "10.0.5.0/24",
                            "id": "subnet-b99c36f3",
                            "map_public_ip_on_launch": "false",
                            "tags.%": "1",
                            "tags.Name": "main-private-2",
                            "vpc_id": "vpc-e92c6292"
                        },
                        "meta": {
                            "schema_version": "1"
                        },
                        "tainted": false
                    },
                    "deposed": [],
                    "provider": "provider.aws"
                },
                "aws_subnet.main-private-3": {
                    "type": "aws_subnet",
                    "depends_on": [
                        "aws_vpc.main"
                    ],
                    "primary": {
                        "id": "subnet-71cb2d2d",
                        "attributes": {
                            "assign_ipv6_address_on_creation": "false",
                            "availability_zone": "us-east-1c",
                            "cidr_block": "10.0.6.0/24",
                            "id": "subnet-71cb2d2d",
                            "map_public_ip_on_launch": "false",
                            "tags.%": "1",
                            "tags.Name": "main-private-3",
                            "vpc_id": "vpc-e92c6292"
                        },
                        "meta": {
                            "schema_version": "1"
                        },
                        "tainted": false
                    },
                    "deposed": [],
                    "provider": "provider.aws"
                },
                "aws_subnet.main-public-1": {
                    "type": "aws_subnet",
                    "depends_on": [
                        "aws_vpc.main"
                    ],
                    "primary": {
                        "id": "subnet-2708e809",
                        "attributes": {
                            "assign_ipv6_address_on_creation": "false",
                            "availability_zone": "us-east-1a",
                            "cidr_block": "10.0.1.0/24",
                            "id": "subnet-2708e809",
                            "map_public_ip_on_launch": "true",
                            "tags.%": "1",
                            "tags.Name": "main-public-1",
                            "vpc_id": "vpc-e92c6292"
                        },
                        "meta": {
                            "schema_version": "1"
                        },
                        "tainted": false
                    },
                    "deposed": [],
                    "provider": "provider.aws"
                },
                "aws_subnet.main-public-2": {
                    "type": "aws_subnet",
                    "depends_on": [
                        "aws_vpc.main"
                    ],
                    "primary": {
                        "id": "subnet-52903a18",
                        "attributes": {
                            "assign_ipv6_address_on_creation": "false",
                            "availability_zone": "us-east-1b",
                            "cidr_block": "10.0.2.0/24",
                            "id": "subnet-52903a18",
                            "map_public_ip_on_launch": "true",
                            "tags.%": "1",
                            "tags.Name": "main-public-2",
                            "vpc_id": "vpc-e92c6292"
                        },
                        "meta": {
                            "schema_version": "1"
                        },
                        "tainted": false
                    },
                    "deposed": [],
                    "provider": "provider.aws"
                },
                "aws_subnet.main-public-3": {
                    "type": "aws_subnet",
                    "depends_on": [
                        "aws_vpc.main"
                    ],
                    "primary": {
                        "id": "subnet-90dc3acc",
                        "attributes": {
                            "assign_ipv6_address_on_creation": "false",
                            "availability_zone": "us-east-1c",
                            "cidr_block": "10.0.3.0/24",
                            "id": "subnet-90dc3acc",
                            "map_public_ip_on_launch": "true",
                            "tags.%": "1",
                            "tags.Name": "main-public-3",
                            "vpc_id": "vpc-e92c6292"
                        },
                        "meta": {
                            "schema_version": "1"
                        },
                        "tainted": false
                    },
                    "deposed": [],
                    "provider": "provider.aws"
                },
                "aws_vpc.main": {
                    "type": "aws_vpc",
                    "depends_on": [],
                    "primary": {
                        "id": "vpc-e92c6292",
                        "attributes": {
                            "assign_generated_ipv6_cidr_block": "false",
                            "cidr_block": "10.0.0.0/16",
                            "default_network_acl_id": "acl-d7ff5cad",
                            "default_route_table_id": "rtb-ad0f55d1",
                            "default_security_group_id": "sg-f0b2e6b9",
                            "dhcp_options_id": "dopt-c8d4fdae",
                            "enable_classiclink": "false",
                            "enable_classiclink_dns_support": "false",
                            "enable_dns_hostnames": "true",
                            "enable_dns_support": "true",
                            "id": "vpc-e92c6292",
                            "instance_tenancy": "default",
                            "main_route_table_id": "rtb-ad0f55d1",
                            "tags.%": "1",
                            "tags.Name": "main"
                        },
                        "meta": {
                            "schema_version": "1"
                        },
                        "tainted": false
                    },
                    "deposed": [],
                    "provider": "provider.aws"
                },
                "data.template_file.myapp-task-definition-template": {
                    "type": "template_file",
                    "depends_on": [
                        "aws_ecr_repository.myapp"
                    ],
                    "primary": {
                        "id": "7a7ba1a8b273f257bed7f01c969c3c20f28a9cb9d2587e5812a65162f8ab808b",
                        "attributes": {
                            "id": "7a7ba1a8b273f257bed7f01c969c3c20f28a9cb9d2587e5812a65162f8ab808b",
                            "rendered": "[\n  {\n    \"essential\": true,\n    \"memory\": 256,\n    \"name\": \"myapp\",\n    \"cpu\": 256,\n    \"image\": \"525047592554.dkr.ecr.us-east-1.amazonaws.com/myapp:1\",\n    \"workingDirectory\": \"/app\",\n    \"command\": [\"npm\", \"start\"],\n    \"portMappings\": [\n        {\n            \"containerPort\": 3000,\n            \"hostPort\": 3000\n        }\n    ]\n  }\n]\n",
                            "template": "[\n  {\n    \"essential\": true,\n    \"memory\": 256,\n    \"name\": \"myapp\",\n    \"cpu\": 256,\n    \"image\": \"${REPOSITORY_URL}:1\",\n    \"workingDirectory\": \"/app\",\n    \"command\": [\"npm\", \"start\"],\n    \"portMappings\": [\n        {\n            \"containerPort\": 3000,\n            \"hostPort\": 3000\n        }\n    ]\n  }\n]\n",
                            "vars.%": "1",
                            "vars.REPOSITORY_URL": "525047592554.dkr.ecr.us-east-1.amazonaws.com/myapp"
                        },
                        "meta": {},
                        "tainted": false
                    },
                    "deposed": [],
                    "provider": "provider.template"
                }
            },
            "depends_on": []
        }
    ]
}
