{
    "version": 3,
    "terraform_version": "0.11.3",
    "serial": 6,
    "lineage": "8e5566ca-05a0-487d-ba48-f7d801abab81",
    "modules": [
        {
            "path": [
                "root"
            ],
            "outputs": {},
            "resources": {
                "aws_vpc.my_vpc": {
                    "type": "aws_vpc",
                    "depends_on": [],
                    "primary": {
                        "id": "vpc-042cdd67249704e70",
                        "attributes": {
                            "arn": "arn:aws:ec2:us-east-1:525047592554:vpc/vpc-042cdd67249704e70",
                            "assign_generated_ipv6_cidr_block": "false",
                            "cidr_block": "10.0.0.0/16",
                            "default_network_acl_id": "acl-0cbfee866e9b21451",
                            "default_route_table_id": "rtb-0cde7e115c15a6b44",
                            "default_security_group_id": "sg-0592192dd5d7881da",
                            "dhcp_options_id": "dopt-c8d4fdae",
                            "enable_classiclink": "false",
                            "enable_classiclink_dns_support": "false",
                            "enable_dns_hostnames": "false",
                            "enable_dns_support": "true",
                            "id": "vpc-042cdd67249704e70",
                            "instance_tenancy": "default",
                            "ipv6_association_id": "",
                            "ipv6_cidr_block": "",
                            "main_route_table_id": "rtb-0cde7e115c15a6b44",
                            "owner_id": "525047592554",
                            "tags.%": "2",
                            "tags.owner": "Anand",
                            "tags.team": "Innov"
                        },
                        "meta": {
                            "schema_version": "1"
                        },
                        "tainted": false
                    },
                    "deposed": [],
                    "provider": "provider.aws"
                },
                "data.aws_ami.amazon-linux-2": {
                    "type": "aws_ami",
                    "depends_on": [],
                    "primary": {
                        "id": "ami-0217d483951e4cec3",
                        "attributes": {
                            "architecture": "arm64",
                            "block_device_mappings.#": "1",
                            "block_device_mappings.340275815.device_name": "/dev/xvda",
                            "block_device_mappings.340275815.ebs.%": "6",
                            "block_device_mappings.340275815.ebs.delete_on_termination": "true",
                            "block_device_mappings.340275815.ebs.encrypted": "false",
                            "block_device_mappings.340275815.ebs.iops": "0",
                            "block_device_mappings.340275815.ebs.snapshot_id": "snap-0a396ed1d4d490049",
                            "block_device_mappings.340275815.ebs.volume_size": "8",
                            "block_device_mappings.340275815.ebs.volume_type": "gp2",
                            "block_device_mappings.340275815.no_device": "",
                            "block_device_mappings.340275815.virtual_name": "",
                            "creation_date": "2019-01-14T19:49:07.000Z",
                            "description": "Amazon Linux 2 LTS Arm64 AMI 2.0.20190115 arm64 HVM gp2",
                            "filter.#": "2",
                            "filter.3355656240.name": "name",
                            "filter.3355656240.values.#": "1",
                            "filter.3355656240.values.0": "amzn2-ami-hvm*",
                            "filter.574890044.name": "owner-alias",
                            "filter.574890044.values.#": "1",
                            "filter.574890044.values.0": "amazon",
                            "hypervisor": "xen",
                            "id": "ami-0217d483951e4cec3",
                            "image_id": "ami-0217d483951e4cec3",
                            "image_location": "amazon/amzn2-ami-hvm-2.0.20190115-arm64-gp2",
                            "image_owner_alias": "amazon",
                            "image_type": "machine",
                            "most_recent": "true",
                            "name": "amzn2-ami-hvm-2.0.20190115-arm64-gp2",
                            "owner_id": "137112412989",
                            "product_codes.#": "0",
                            "public": "true",
                            "root_device_name": "/dev/xvda",
                            "root_device_type": "ebs",
                            "root_snapshot_id": "snap-0a396ed1d4d490049",
                            "sriov_net_support": "simple",
                            "state": "available",
                            "state_reason.%": "2",
                            "state_reason.code": "UNSET",
                            "state_reason.message": "UNSET",
                            "tags.%": "0",
                            "virtualization_type": "hvm"
                        },
                        "meta": {},
                        "tainted": false
                    },
                    "deposed": [],
                    "provider": "provider.aws"
                }
            },
            "depends_on": []
        }
    ]
}
