{
    "version": 3,
    "terraform_version": "0.11.3",
    "serial": 10,
    "lineage": "8e5566ca-05a0-487d-ba48-f7d801abab81",
    "modules": [
        {
            "path": [
                "root"
            ],
            "outputs": {},
            "resources": {
                "aws_security_group.allow_all": {
                    "type": "aws_security_group",
                    "depends_on": [
                        "aws_vpc.my_vpc"
                    ],
                    "primary": {
                        "id": "sg-041e2033aa60a09f3",
                        "attributes": {
                            "arn": "arn:aws:ec2:us-east-1:525047592554:security-group/sg-041e2033aa60a09f3",
                            "description": "Allow all inbound traffic",
                            "egress.#": "1",
                            "egress.2541437006.cidr_blocks.#": "1",
                            "egress.2541437006.cidr_blocks.0": "0.0.0.0/0",
                            "egress.2541437006.description": "",
                            "egress.2541437006.from_port": "22",
                            "egress.2541437006.ipv6_cidr_blocks.#": "0",
                            "egress.2541437006.prefix_list_ids.#": "0",
                            "egress.2541437006.protocol": "tcp",
                            "egress.2541437006.security_groups.#": "0",
                            "egress.2541437006.self": "false",
                            "egress.2541437006.to_port": "22",
                            "id": "sg-041e2033aa60a09f3",
                            "ingress.#": "1",
                            "ingress.2305635792.cidr_blocks.#": "1",
                            "ingress.2305635792.cidr_blocks.0": "142.117.37.207/32",
                            "ingress.2305635792.description": "",
                            "ingress.2305635792.from_port": "22",
                            "ingress.2305635792.ipv6_cidr_blocks.#": "0",
                            "ingress.2305635792.prefix_list_ids.#": "0",
                            "ingress.2305635792.protocol": "tcp",
                            "ingress.2305635792.security_groups.#": "0",
                            "ingress.2305635792.self": "false",
                            "ingress.2305635792.to_port": "22",
                            "name": "allow_all",
                            "owner_id": "525047592554",
                            "revoke_rules_on_delete": "false",
                            "tags.%": "0",
                            "vpc_id": "vpc-00d85200bc977bf57"
                        },
                        "meta": {
                            "e2bfb730-ecaa-11e6-8f88-34363bc7c4c0": {
                                "create": 600000000000,
                                "delete": 600000000000
                            },
                            "schema_version": "1"
                        },
                        "tainted": false
                    },
                    "deposed": [],
                    "provider": "provider.aws"
                },
                "aws_subnet.my_subnet": {
                    "type": "aws_subnet",
                    "depends_on": [
                        "aws_vpc.my_vpc"
                    ],
                    "primary": {
                        "id": "subnet-010c2d450780e393c",
                        "attributes": {
                            "arn": "arn:aws:ec2:us-east-1:525047592554:subnet/subnet-010c2d450780e393c",
                            "assign_ipv6_address_on_creation": "false",
                            "availability_zone": "us-east-1a",
                            "availability_zone_id": "use1-az2",
                            "cidr_block": "10.0.1.0/24",
                            "id": "subnet-010c2d450780e393c",
                            "ipv6_cidr_block": "",
                            "ipv6_cidr_block_association_id": "",
                            "map_public_ip_on_launch": "false",
                            "owner_id": "525047592554",
                            "tags.%": "2",
                            "tags.owner": "Anand",
                            "tags.team": "Innov",
                            "vpc_id": "vpc-00d85200bc977bf57"
                        },
                        "meta": {
                            "e2bfb730-ecaa-11e6-8f88-34363bc7c4c0": {
                                "create": 600000000000,
                                "delete": 600000000000
                            },
                            "schema_version": "1"
                        },
                        "tainted": false
                    },
                    "deposed": [],
                    "provider": "provider.aws"
                },
                "aws_vpc.my_vpc": {
                    "type": "aws_vpc",
                    "depends_on": [],
                    "primary": {
                        "id": "vpc-00d85200bc977bf57",
                        "attributes": {
                            "arn": "arn:aws:ec2:us-east-1:525047592554:vpc/vpc-00d85200bc977bf57",
                            "assign_generated_ipv6_cidr_block": "false",
                            "cidr_block": "10.0.0.0/16",
                            "default_network_acl_id": "acl-025d2c7f41d2fd74c",
                            "default_route_table_id": "rtb-078173e4f0ade0e96",
                            "default_security_group_id": "sg-0d4b819ba6d37e440",
                            "dhcp_options_id": "dopt-c8d4fdae",
                            "enable_classiclink": "false",
                            "enable_classiclink_dns_support": "false",
                            "enable_dns_hostnames": "false",
                            "enable_dns_support": "true",
                            "id": "vpc-00d85200bc977bf57",
                            "instance_tenancy": "default",
                            "ipv6_association_id": "",
                            "ipv6_cidr_block": "",
                            "main_route_table_id": "rtb-078173e4f0ade0e96",
                            "owner_id": "525047592554",
                            "tags.%": "2",
                            "tags.owner": "Anand",
                            "tags.team": "Innov"
                        },
                        "meta": {
                            "schema_version": "1"
                        },
                        "tainted": false
                    },
                    "deposed": [],
                    "provider": "provider.aws"
                },
                "data.aws_ami.amazon-linux-2": {
                    "type": "aws_ami",
                    "depends_on": [],
                    "primary": {
                        "id": "ami-0217d483951e4cec3",
                        "attributes": {
                            "architecture": "arm64",
                            "block_device_mappings.#": "1",
                            "block_device_mappings.340275815.device_name": "/dev/xvda",
                            "block_device_mappings.340275815.ebs.%": "6",
                            "block_device_mappings.340275815.ebs.delete_on_termination": "true",
                            "block_device_mappings.340275815.ebs.encrypted": "false",
                            "block_device_mappings.340275815.ebs.iops": "0",
                            "block_device_mappings.340275815.ebs.snapshot_id": "snap-0a396ed1d4d490049",
                            "block_device_mappings.340275815.ebs.volume_size": "8",
                            "block_device_mappings.340275815.ebs.volume_type": "gp2",
                            "block_device_mappings.340275815.no_device": "",
                            "block_device_mappings.340275815.virtual_name": "",
                            "creation_date": "2019-01-14T19:49:07.000Z",
                            "description": "Amazon Linux 2 LTS Arm64 AMI 2.0.20190115 arm64 HVM gp2",
                            "filter.#": "2",
                            "filter.3355656240.name": "name",
                            "filter.3355656240.values.#": "1",
                            "filter.3355656240.values.0": "amzn2-ami-hvm*",
                            "filter.574890044.name": "owner-alias",
                            "filter.574890044.values.#": "1",
                            "filter.574890044.values.0": "amazon",
                            "hypervisor": "xen",
                            "id": "ami-0217d483951e4cec3",
                            "image_id": "ami-0217d483951e4cec3",
                            "image_location": "amazon/amzn2-ami-hvm-2.0.20190115-arm64-gp2",
                            "image_owner_alias": "amazon",
                            "image_type": "machine",
                            "most_recent": "true",
                            "name": "amzn2-ami-hvm-2.0.20190115-arm64-gp2",
                            "owner_id": "137112412989",
                            "product_codes.#": "0",
                            "public": "true",
                            "root_device_name": "/dev/xvda",
                            "root_device_type": "ebs",
                            "root_snapshot_id": "snap-0a396ed1d4d490049",
                            "sriov_net_support": "simple",
                            "state": "available",
                            "state_reason.%": "2",
                            "state_reason.code": "UNSET",
                            "state_reason.message": "UNSET",
                            "tags.%": "0",
                            "virtualization_type": "hvm"
                        },
                        "meta": {},
                        "tainted": false
                    },
                    "deposed": [],
                    "provider": "provider.aws"
                }
            },
            "depends_on": []
        }
    ]
}
